// !$*UTF8*$!
{
	archiveVersion = 1;
	classes = {
	};
	objectVersion = 52;
	objects = {

/* Begin PBXBuildFile section */
		F81EC96A25F8CB71009ADDB4 /* TextFieldControl.swift in Sources */ = {isa = PBXBuildFile; fileRef = F81EC96925F8CB71009ADDB4 /* TextFieldControl.swift */; };
		F85D989B268C5C9D004E4A48 /* main.js in Resources */ = {isa = PBXBuildFile; fileRef = F85D9897268C5B1C004E4A48 /* main.js */; };
		F899149425D6BF4A00BD6E18 /* JournalEntriesList.swift in Sources */ = {isa = PBXBuildFile; fileRef = F899149325D6BF4A00BD6E18 /* JournalEntriesList.swift */; };
		F899149925D6C0D700BD6E18 /* JournalEntryRow.swift in Sources */ = {isa = PBXBuildFile; fileRef = F899149825D6C0D700BD6E18 /* JournalEntryRow.swift */; };
		F899149C25D6C0EB00BD6E18 /* JournalEntryDetail.swift in Sources */ = {isa = PBXBuildFile; fileRef = F899149B25D6C0EB00BD6E18 /* JournalEntryDetail.swift */; };
		F899149F25D6C11000BD6E18 /* JournalEntry.swift in Sources */ = {isa = PBXBuildFile; fileRef = F899149E25D6C11000BD6E18 /* JournalEntry.swift */; };
		F8D6CC0B25C6E36700A04537 /* JournalApp.swift in Sources */ = {isa = PBXBuildFile; fileRef = F8D6CC0A25C6E36700A04537 /* JournalApp.swift */; };
		F8D6CC0D25C6E36700A04537 /* ContentView.swift in Sources */ = {isa = PBXBuildFile; fileRef = F8D6CC0C25C6E36700A04537 /* ContentView.swift */; };
		F8D6CC0F25C6E36900A04537 /* Assets.xcassets in Resources */ = {isa = PBXBuildFile; fileRef = F8D6CC0E25C6E36900A04537 /* Assets.xcassets */; };
		F8D6CC1225C6E36900A04537 /* Preview Assets.xcassets in Resources */ = {isa = PBXBuildFile; fileRef = F8D6CC1125C6E36900A04537 /* Preview Assets.xcassets */; };
		F8D6CC1F25C6E55C00A04537 /* Strohm in Frameworks */ = {isa = PBXBuildFile; productRef = F8D6CC1E25C6E55C00A04537 /* Strohm */; };
/* End PBXBuildFile section */

/* Begin PBXFileReference section */
		F81EC96925F8CB71009ADDB4 /* TextFieldControl.swift */ = {isa = PBXFileReference; lastKnownFileType = sourcecode.swift; path = TextFieldControl.swift; sourceTree = "<group>"; };
		F85D9897268C5B1C004E4A48 /* main.js */ = {isa = PBXFileReference; fileEncoding = 4; lastKnownFileType = sourcecode.javascript; path = main.js; sourceTree = "<group>"; };
		F899149325D6BF4A00BD6E18 /* JournalEntriesList.swift */ = {isa = PBXFileReference; lastKnownFileType = sourcecode.swift; path = JournalEntriesList.swift; sourceTree = "<group>"; };
		F899149825D6C0D700BD6E18 /* JournalEntryRow.swift */ = {isa = PBXFileReference; lastKnownFileType = sourcecode.swift; path = JournalEntryRow.swift; sourceTree = "<group>"; };
		F899149B25D6C0EB00BD6E18 /* JournalEntryDetail.swift */ = {isa = PBXFileReference; lastKnownFileType = sourcecode.swift; path = JournalEntryDetail.swift; sourceTree = "<group>"; };
		F899149E25D6C11000BD6E18 /* JournalEntry.swift */ = {isa = PBXFileReference; lastKnownFileType = sourcecode.swift; path = JournalEntry.swift; sourceTree = "<group>"; };
		F8D6CC0725C6E36700A04537 /* Journal.app */ = {isa = PBXFileReference; explicitFileType = wrapper.application; includeInIndex = 0; path = Journal.app; sourceTree = BUILT_PRODUCTS_DIR; };
		F8D6CC0A25C6E36700A04537 /* JournalApp.swift */ = {isa = PBXFileReference; lastKnownFileType = sourcecode.swift; path = JournalApp.swift; sourceTree = "<group>"; };
		F8D6CC0C25C6E36700A04537 /* ContentView.swift */ = {isa = PBXFileReference; lastKnownFileType = sourcecode.swift; path = ContentView.swift; sourceTree = "<group>"; };
		F8D6CC0E25C6E36900A04537 /* Assets.xcassets */ = {isa = PBXFileReference; lastKnownFileType = folder.assetcatalog; path = Assets.xcassets; sourceTree = "<group>"; };
		F8D6CC1125C6E36900A04537 /* Preview Assets.xcassets */ = {isa = PBXFileReference; lastKnownFileType = folder.assetcatalog; path = "Preview Assets.xcassets"; sourceTree = "<group>"; };
		F8D6CC1325C6E36900A04537 /* Info.plist */ = {isa = PBXFileReference; lastKnownFileType = text.plist.xml; path = Info.plist; sourceTree = "<group>"; };
		F8D6CC1B25C6E3F200A04537 /* Strohm */ = {isa = PBXFileReference; lastKnownFileType = folder; name = Strohm; path = ../../../Strohm/ios/Strohm; sourceTree = "<group>"; };
/* End PBXFileReference section */

/* Begin PBXFrameworksBuildPhase section */
		F8D6CC0425C6E36700A04537 /* Frameworks */ = {
			isa = PBXFrameworksBuildPhase;
			buildActionMask = 2147483647;
			files = (
				F8D6CC1F25C6E55C00A04537 /* Strohm in Frameworks */,
			);
			runOnlyForDeploymentPostprocessing = 0;
		};
/* End PBXFrameworksBuildPhase section */

/* Begin PBXGroup section */
		F85D9894268C5B1C004E4A48 /* target */ = {
			isa = PBXGroup;
			children = (
				F85D9897268C5B1C004E4A48 /* main.js */,
			);
			name = target;
			path = ../../target;
			sourceTree = "<group>";
		};
		F8D6CBFE25C6E36700A04537 = {
			isa = PBXGroup;
			children = (
				F8D6CC0925C6E36700A04537 /* Journal */,
				F8D6CC1B25C6E3F200A04537 /* Strohm */,
				F8D6CC0825C6E36700A04537 /* Products */,
				F8D6CC1D25C6E55C00A04537 /* Frameworks */,
			);
			sourceTree = "<group>";
		};
		F8D6CC0825C6E36700A04537 /* Products */ = {
			isa = PBXGroup;
			children = (
				F8D6CC0725C6E36700A04537 /* Journal.app */,
			);
			name = Products;
			sourceTree = "<group>";
		};
		F8D6CC0925C6E36700A04537 /* Journal */ = {
			isa = PBXGroup;
			children = (
				F8D6CC0A25C6E36700A04537 /* JournalApp.swift */,
				F8D6CC0C25C6E36700A04537 /* ContentView.swift */,
				F899149325D6BF4A00BD6E18 /* JournalEntriesList.swift */,
				F899149825D6C0D700BD6E18 /* JournalEntryRow.swift */,
				F899149B25D6C0EB00BD6E18 /* JournalEntryDetail.swift */,
				F8D6CC0E25C6E36900A04537 /* Assets.xcassets */,
				F8D6CC1325C6E36900A04537 /* Info.plist */,
				F85D9894268C5B1C004E4A48 /* target */,
				F8D6CC1025C6E36900A04537 /* Preview Content */,
				F899149E25D6C11000BD6E18 /* JournalEntry.swift */,
				F81EC96925F8CB71009ADDB4 /* TextFieldControl.swift */,
			);
			path = Journal;
			sourceTree = "<group>";
		};
		F8D6CC1025C6E36900A04537 /* Preview Content */ = {
			isa = PBXGroup;
			children = (
				F8D6CC1125C6E36900A04537 /* Preview Assets.xcassets */,
			);
			path = "Preview Content";
			sourceTree = "<group>";
		};
		F8D6CC1D25C6E55C00A04537 /* Frameworks */ = {
			isa = PBXGroup;
			children = (
			);
			name = Frameworks;
			sourceTree = "<group>";
		};
/* End PBXGroup section */

/* Begin PBXNativeTarget section */
		F8D6CC0625C6E36700A04537 /* Journal */ = {
			isa = PBXNativeTarget;
			buildConfigurationList = F8D6CC1625C6E36900A04537 /* Build configuration list for PBXNativeTarget "Journal" */;
			buildPhases = (
				F8D6CC0325C6E36700A04537 /* Sources */,
				F8D6CC0425C6E36700A04537 /* Frameworks */,
				F8D6CC0525C6E36700A04537 /* Resources */,
			);
			buildRules = (
			);
			dependencies = (
			);
			name = Journal;
			packageProductDependencies = (
				F8D6CC1E25C6E55C00A04537 /* Strohm */,
			);
			productName = Journal;
			productReference = F8D6CC0725C6E36700A04537 /* Journal.app */;
			productType = "com.apple.product-type.application";
		};
/* End PBXNativeTarget section */

/* Begin PBXProject section */
		F8D6CBFF25C6E36700A04537 /* Project object */ = {
			isa = PBXProject;
			attributes = {
				LastSwiftUpdateCheck = 1240;
				LastUpgradeCheck = 1240;
				TargetAttributes = {
					F8D6CC0625C6E36700A04537 = {
						CreatedOnToolsVersion = 12.4;
					};
				};
			};
			buildConfigurationList = F8D6CC0225C6E36700A04537 /* Build configuration list for PBXProject "Journal" */;
			compatibilityVersion = "Xcode 9.3";
			developmentRegion = en;
			hasScannedForEncodings = 0;
			knownRegions = (
				en,
				Base,
			);
			mainGroup = F8D6CBFE25C6E36700A04537;
			productRefGroup = F8D6CC0825C6E36700A04537 /* Products */;
			projectDirPath = "";
			projectRoot = "";
			targets = (
				F8D6CC0625C6E36700A04537 /* Journal */,
			);
		};
/* End PBXProject section */

/* Begin PBXResourcesBuildPhase section */
		F8D6CC0525C6E36700A04537 /* Resources */ = {
			isa = PBXResourcesBuildPhase;
			buildActionMask = 2147483647;
			files = (
				F85D989B268C5C9D004E4A48 /* main.js in Resources */,
				F8D6CC1225C6E36900A04537 /* Preview Assets.xcassets in Resources */,
				F8D6CC0F25C6E36900A04537 /* Assets.xcassets in Resources */,
			);
			runOnlyForDeploymentPostprocessing = 0;
		};
/* End PBXResourcesBuildPhase section */

/* Begin PBXSourcesBuildPhase section */
		F8D6CC0325C6E36700A04537 /* Sources */ = {
			isa = PBXSourcesBuildPhase;
			buildActionMask = 2147483647;
			files = (
				F899149F25D6C11000BD6E18 /* JournalEntry.swift in Sources */,
				F899149425D6BF4A00BD6E18 /* JournalEntriesList.swift in Sources */,
				F899149925D6C0D700BD6E18 /* JournalEntryRow.swift in Sources */,
				F8D6CC0D25C6E36700A04537 /* ContentView.swift in Sources */,
				F81EC96A25F8CB71009ADDB4 /* TextFieldControl.swift in Sources */,
				F899149C25D6C0EB00BD6E18 /* JournalEntryDetail.swift in Sources */,
				F8D6CC0B25C6E36700A04537 /* JournalApp.swift in Sources */,
			);
			runOnlyForDeploymentPostprocessing = 0;
		};
/* End PBXSourcesBuildPhase section */

/* Begin XCBuildConfiguration section */
		F8D6CC1425C6E36900A04537 /* Debug */ = {
			isa = XCBuildConfiguration;
			buildSettings = {
				ALWAYS_SEARCH_USER_PATHS = NO;
				CLANG_ANALYZER_NONNULL = YES;
				CLANG_ANALYZER_NUMBER_OBJECT_CONVERSION = YES_AGGRESSIVE;
				CLANG_CXX_LANGUAGE_STANDARD = "gnu++14";
				CLANG_CXX_LIBRARY = "libc++";
				CLANG_ENABLE_MODULES = YES;
				CLANG_ENABLE_OBJC_ARC = YES;
				CLANG_ENABLE_OBJC_WEAK = YES;
				CLANG_WARN_BLOCK_CAPTURE_AUTORELEASING = YES;
				CLANG_WARN_BOOL_CONVERSION = YES;
				CLANG_WARN_COMMA = YES;
				CLANG_WARN_CONSTANT_CONVERSION = YES;
				CLANG_WARN_DEPRECATED_OBJC_IMPLEMENTATIONS = YES;
				CLANG_WARN_DIRECT_OBJC_ISA_USAGE = YES_ERROR;
				CLANG_WARN_DOCUMENTATION_COMMENTS = YES;
				CLANG_WARN_EMPTY_BODY = YES;
				CLANG_WARN_ENUM_CONVERSION = YES;
				CLANG_WARN_INFINITE_RECURSION = YES;
				CLANG_WARN_INT_CONVERSION = YES;
				CLANG_WARN_NON_LITERAL_NULL_CONVERSION = YES;
				CLANG_WARN_OBJC_IMPLICIT_RETAIN_SELF = YES;
				CLANG_WARN_OBJC_LITERAL_CONVERSION = YES;
				CLANG_WARN_OBJC_ROOT_CLASS = YES_ERROR;
				CLANG_WARN_QUOTED_INCLUDE_IN_FRAMEWORK_HEADER = YES;
				CLANG_WARN_RANGE_LOOP_ANALYSIS = YES;
				CLANG_WARN_STRICT_PROTOTYPES = YES;
				CLANG_WARN_SUSPICIOUS_MOVE = YES;
				CLANG_WARN_UNGUARDED_AVAILABILITY = YES_AGGRESSIVE;
				CLANG_WARN_UNREACHABLE_CODE = YES;
				CLANG_WARN__DUPLICATE_METHOD_MATCH = YES;
				COPY_PHASE_STRIP = NO;
				DEBUG_INFORMATION_FORMAT = dwarf;
				ENABLE_STRICT_OBJC_MSGSEND = YES;
				ENABLE_TESTABILITY = YES;
				GCC_C_LANGUAGE_STANDARD = gnu11;
				GCC_DYNAMIC_NO_PIC = NO;
				GCC_NO_COMMON_BLOCKS = YES;
				GCC_OPTIMIZATION_LEVEL = 0;
				GCC_PREPROCESSOR_DEFINITIONS = (
					"DEBUG=1",
					"$(inherited)",
				);
				GCC_WARN_64_TO_32_BIT_CONVERSION = YES;
				GCC_WARN_ABOUT_RETURN_TYPE = YES_ERROR;
				GCC_WARN_UNDECLARED_SELECTOR = YES;
				GCC_WARN_UNINITIALIZED_AUTOS = YES_AGGRESSIVE;
				GCC_WARN_UNUSED_FUNCTION = YES;
				GCC_WARN_UNUSED_VARIABLE = YES;
				IPHONEOS_DEPLOYMENT_TARGET = 14.4;
				MTL_ENABLE_DEBUG_INFO = INCLUDE_SOURCE;
				MTL_FAST_MATH = YES;
				ONLY_ACTIVE_ARCH = YES;
				SDKROOT = iphoneos;
				SWIFT_ACTIVE_COMPILATION_CONDITIONS = DEBUG;
				SWIFT_OPTIMIZATION_LEVEL = "-Onone";
			};
			name = Debug;
		};
		F8D6CC1525C6E36900A04537 /* Release */ = {
			isa = XCBuildConfiguration;
			buildSettings = {
				ALWAYS_SEARCH_USER_PATHS = NO;
				CLANG_ANALYZER_NONNULL = YES;
				CLANG_ANALYZER_NUMBER_OBJECT_CONVERSION = YES_AGGRESSIVE;
				CLANG_CXX_LANGUAGE_STANDARD = "gnu++14";
				CLANG_CXX_LIBRARY = "libc++";
				CLANG_ENABLE_MODULES = YES;
				CLANG_ENABLE_OBJC_ARC = YES;
				CLANG_ENABLE_OBJC_WEAK = YES;
				CLANG_WARN_BLOCK_CAPTURE_AUTORELEASING = YES;
				CLANG_WARN_BOOL_CONVERSION = YES;
				CLANG_WARN_COMMA = YES;
				CLANG_WARN_CONSTANT_CONVERSION = YES;
				CLANG_WARN_DEPRECATED_OBJC_IMPLEMENTATIONS = YES;
				CLANG_WARN_DIRECT_OBJC_ISA_USAGE = YES_ERROR;
				CLANG_WARN_DOCUMENTATION_COMMENTS = YES;
				CLANG_WARN_EMPTY_BODY = YES;
				CLANG_WARN_ENUM_CONVERSION = YES;
				CLANG_WARN_INFINITE_RECURSION = YES;
				CLANG_WARN_INT_CONVERSION = YES;
				CLANG_WARN_NON_LITERAL_NULL_CONVERSION = YES;
				CLANG_WARN_OBJC_IMPLICIT_RETAIN_SELF = YES;
				CLANG_WARN_OBJC_LITERAL_CONVERSION = YES;
				CLANG_WARN_OBJC_ROOT_CLASS = YES_ERROR;
				CLANG_WARN_QUOTED_INCLUDE_IN_FRAMEWORK_HEADER = YES;
				CLANG_WARN_RANGE_LOOP_ANALYSIS = YES;
				CLANG_WARN_STRICT_PROTOTYPES = YES;
				CLANG_WARN_SUSPICIOUS_MOVE = YES;
				CLANG_WARN_UNGUARDED_AVAILABILITY = YES_AGGRESSIVE;
				CLANG_WARN_UNREACHABLE_CODE = YES;
				CLANG_WARN__DUPLICATE_METHOD_MATCH = YES;
				COPY_PHASE_STRIP = NO;
				DEBUG_INFORMATION_FORMAT = "dwarf-with-dsym";
				ENABLE_NS_ASSERTIONS = NO;
				ENABLE_STRICT_OBJC_MSGSEND = YES;
				GCC_C_LANGUAGE_STANDARD = gnu11;
				GCC_NO_COMMON_BLOCKS = YES;
				GCC_WARN_64_TO_32_BIT_CONVERSION = YES;
				GCC_WARN_ABOUT_RETURN_TYPE = YES_ERROR;
				GCC_WARN_UNDECLARED_SELECTOR = YES;
				GCC_WARN_UNINITIALIZED_AUTOS = YES_AGGRESSIVE;
				GCC_WARN_UNUSED_FUNCTION = YES;
				GCC_WARN_UNUSED_VARIABLE = YES;
				IPHONEOS_DEPLOYMENT_TARGET = 14.4;
				MTL_ENABLE_DEBUG_INFO = NO;
				MTL_FAST_MATH = YES;
				SDKROOT = iphoneos;
				SWIFT_COMPILATION_MODE = wholemodule;
				SWIFT_OPTIMIZATION_LEVEL = "-O";
				VALIDATE_PRODUCT = YES;
			};
			name = Release;
		};
		F8D6CC1725C6E36900A04537 /* Debug */ = {
			isa = XCBuildConfiguration;
			buildSettings = {
				ASSETCATALOG_COMPILER_APPICON_NAME = AppIcon;
				ASSETCATALOG_COMPILER_GLOBAL_ACCENT_COLOR_NAME = AccentColor;
				CODE_SIGN_STYLE = Automatic;
				DEVELOPMENT_ASSET_PATHS = "\"Journal/Preview Content\"";
				DEVELOPMENT_TEAM = 7EQ9KX3BR9;
				ENABLE_PREVIEWS = YES;
				INFOPLIST_FILE = Journal/Info.plist;
				IPHONEOS_DEPLOYMENT_TARGET = 14.0;
				LD_RUNPATH_SEARCH_PATHS = (
					"$(inherited)",
					"@executable_path/Frameworks",
				);
				PRODUCT_BUNDLE_IDENTIFIER = dev.strohmnative.Journal;
				PRODUCT_NAME = "$(TARGET_NAME)";
				SWIFT_VERSION = 5.0;
				TARGETED_DEVICE_FAMILY = "1,2";
			};
			name = Debug;
		};
		F8D6CC1825C6E36900A04537 /* Release */ = {
			isa = XCBuildConfiguration;
			buildSettings = {
				ASSETCATALOG_COMPILER_APPICON_NAME = AppIcon;
				ASSETCATALOG_COMPILER_GLOBAL_ACCENT_COLOR_NAME = AccentColor;
				CODE_SIGN_STYLE = Automatic;
				DEVELOPMENT_ASSET_PATHS = "\"Journal/Preview Content\"";
				DEVELOPMENT_TEAM = 7EQ9KX3BR9;
				ENABLE_PREVIEWS = YES;
				INFOPLIST_FILE = Journal/Info.plist;
				IPHONEOS_DEPLOYMENT_TARGET = 14.0;
				LD_RUNPATH_SEARCH_PATHS = (
					"$(inherited)",
					"@executable_path/Frameworks",
				);
				PRODUCT_BUNDLE_IDENTIFIER = dev.strohmnative.Journal;
				PRODUCT_NAME = "$(TARGET_NAME)";
				SWIFT_VERSION = 5.0;
				TARGETED_DEVICE_FAMILY = "1,2";
			};
			name = Release;
		};
/* End XCBuildConfiguration section */

/* Begin XCConfigurationList section */
		F8D6CC0225C6E36700A04537 /* Build configuration list for PBXProject "Journal" */ = {
			isa = XCConfigurationList;
			buildConfigurations = (
				F8D6CC1425C6E36900A04537 /* Debug */,
				F8D6CC1525C6E36900A04537 /* Release */,
			);
			defaultConfigurationIsVisible = 0;
			defaultConfigurationName = Release;
		};
		F8D6CC1625C6E36900A04537 /* Build configuration list for PBXNativeTarget "Journal" */ = {
			isa = XCConfigurationList;
			buildConfigurations = (
				F8D6CC1725C6E36900A04537 /* Debug */,
				F8D6CC1825C6E36900A04537 /* Release */,
			);
			defaultConfigurationIsVisible = 0;
			defaultConfigurationName = Release;
		};
/* End XCConfigurationList section */

/* Begin XCSwiftPackageProductDependency section */
		F8D6CC1E25C6E55C00A04537 /* Strohm */ = {
			isa = XCSwiftPackageProductDependency;
			productName = Strohm;
		};
/* End XCSwiftPackageProductDependency section */
	};
	rootObject = F8D6CBFF25C6E36700A04537 /* Project object */;
}
